// !$*UTF8*$!
{
	archiveVersion = 1;
	classes = {
	};
	objectVersion = 56;
	objects = {

/* Begin PBXBuildFile section */
		77EAAEA52CF8B46300591CCF /* AppDelegate.swift in Sources */ = {isa = PBXBuildFile; fileRef = 77EAAEA42CF8B46300591CCF /* AppDelegate.swift */; };
		77EAAEAE2CF8B46300591CCF /* Assets.xcassets in Resources */ = {isa = PBXBuildFile; fileRef = 77EAAEAD2CF8B46300591CCF /* Assets.xcassets */; };
		77EAAEB12CF8B46300591CCF /* LaunchScreen.storyboard in Resources */ = {isa = PBXBuildFile; fileRef = 77EAAEAF2CF8B46300591CCF /* LaunchScreen.storyboard */; };
		77EAAEBB2CF8B83D00591CCF /* NewsListViewController.swift in Sources */ = {isa = PBXBuildFile; fileRef = 77EAAEBA2CF8B83D00591CCF /* NewsListViewController.swift */; };
		77EAAEBF2CF9427600591CCF /* Coordinator.swift in Sources */ = {isa = PBXBuildFile; fileRef = 77EAAEBE2CF9427600591CCF /* Coordinator.swift */; };
		77EAAEC12CF942E900591CCF /* NewsListCoordinator.swift in Sources */ = {isa = PBXBuildFile; fileRef = 77EAAEC02CF942E900591CCF /* NewsListCoordinator.swift */; };
		77EAAEC42CF9458D00591CCF /* NavigationView.swift in Sources */ = {isa = PBXBuildFile; fileRef = 77EAAEC32CF9458D00591CCF /* NavigationView.swift */; };
		77EAAEC62CF948E100591CCF /* NewsListViewController+UI.swift in Sources */ = {isa = PBXBuildFile; fileRef = 77EAAEC52CF948E100591CCF /* NewsListViewController+UI.swift */; };
		77EAAEC92CFA912F00591CCF /* UIColor+Extension.swift in Sources */ = {isa = PBXBuildFile; fileRef = 77EAAEC82CFA912F00591CCF /* UIColor+Extension.swift */; };
		77EAAECB2CFA948400591CCF /* NewsListTableViewCell.swift in Sources */ = {isa = PBXBuildFile; fileRef = 77EAAECA2CFA948400591CCF /* NewsListTableViewCell.swift */; };
		77EAAECE2CFAC56000591CCF /* UIView+Extension.swift in Sources */ = {isa = PBXBuildFile; fileRef = 77EAAECD2CFAC55F00591CCF /* UIView+Extension.swift */; };
		77EAAED02CFB55F400591CCF /* NewsListViewModel.swift in Sources */ = {isa = PBXBuildFile; fileRef = 77EAAECF2CFB55F400591CCF /* NewsListViewModel.swift */; };
		77EAAED22CFB565800591CCF /* NewsListModel.swift in Sources */ = {isa = PBXBuildFile; fileRef = 77EAAED12CFB565800591CCF /* NewsListModel.swift */; };
		77EAAED42CFB589500591CCF /* Observable.swift in Sources */ = {isa = PBXBuildFile; fileRef = 77EAAED32CFB589500591CCF /* Observable.swift */; };
		77EAAED62CFB694F00591CCF /* NewsMostViewedResponse.swift in Sources */ = {isa = PBXBuildFile; fileRef = 77EAAED52CFB694F00591CCF /* NewsMostViewedResponse.swift */; };
		77EAAED92CFB733700591CCF /* HttpMethod.swift in Sources */ = {isa = PBXBuildFile; fileRef = 77EAAED82CFB733700591CCF /* HttpMethod.swift */; };
		77EAAEDB2CFB7BFE00591CCF /* CoreService.swift in Sources */ = {isa = PBXBuildFile; fileRef = 77EAAEDA2CFB7BFE00591CCF /* CoreService.swift */; };
		77EAAEDD2CFB89A500591CCF /* DataRequest.swift in Sources */ = {isa = PBXBuildFile; fileRef = 77EAAEDC2CFB89A500591CCF /* DataRequest.swift */; };
		77EAAEDF2CFB917900591CCF /* ServiceError.swift in Sources */ = {isa = PBXBuildFile; fileRef = 77EAAEDE2CFB917900591CCF /* ServiceError.swift */; };
		77EAAEE22CFB9E9600591CCF /* NewsMostViewedService.swift in Sources */ = {isa = PBXBuildFile; fileRef = 77EAAEE12CFB9E9600591CCF /* NewsMostViewedService.swift */; };
/* End PBXBuildFile section */

/* Begin PBXFileReference section */
		77EAAEA12CF8B46300591CCF /* NewsNYTApp.app */ = {isa = PBXFileReference; explicitFileType = wrapper.application; includeInIndex = 0; path = NewsNYTApp.app; sourceTree = BUILT_PRODUCTS_DIR; };
		77EAAEA42CF8B46300591CCF /* AppDelegate.swift */ = {isa = PBXFileReference; lastKnownFileType = sourcecode.swift; path = AppDelegate.swift; sourceTree = "<group>"; };
		77EAAEAD2CF8B46300591CCF /* Assets.xcassets */ = {isa = PBXFileReference; lastKnownFileType = folder.assetcatalog; path = Assets.xcassets; sourceTree = "<group>"; };
		77EAAEB02CF8B46300591CCF /* Base */ = {isa = PBXFileReference; lastKnownFileType = file.storyboard; name = Base; path = Base.lproj/LaunchScreen.storyboard; sourceTree = "<group>"; };
		77EAAEB22CF8B46300591CCF /* Info.plist */ = {isa = PBXFileReference; lastKnownFileType = text.plist.xml; path = Info.plist; sourceTree = "<group>"; };
		77EAAEBA2CF8B83D00591CCF /* NewsListViewController.swift */ = {isa = PBXFileReference; lastKnownFileType = sourcecode.swift; path = NewsListViewController.swift; sourceTree = "<group>"; };
		77EAAEBE2CF9427600591CCF /* Coordinator.swift */ = {isa = PBXFileReference; lastKnownFileType = sourcecode.swift; path = Coordinator.swift; sourceTree = "<group>"; };
		77EAAEC02CF942E900591CCF /* NewsListCoordinator.swift */ = {isa = PBXFileReference; lastKnownFileType = sourcecode.swift; path = NewsListCoordinator.swift; sourceTree = "<group>"; };
		77EAAEC32CF9458D00591CCF /* NavigationView.swift */ = {isa = PBXFileReference; lastKnownFileType = sourcecode.swift; path = NavigationView.swift; sourceTree = "<group>"; };
		77EAAEC52CF948E100591CCF /* NewsListViewController+UI.swift */ = {isa = PBXFileReference; lastKnownFileType = sourcecode.swift; path = "NewsListViewController+UI.swift"; sourceTree = "<group>"; };
		77EAAEC82CFA912F00591CCF /* UIColor+Extension.swift */ = {isa = PBXFileReference; lastKnownFileType = sourcecode.swift; path = "UIColor+Extension.swift"; sourceTree = "<group>"; };
		77EAAECA2CFA948400591CCF /* NewsListTableViewCell.swift */ = {isa = PBXFileReference; lastKnownFileType = sourcecode.swift; path = NewsListTableViewCell.swift; sourceTree = "<group>"; };
		77EAAECD2CFAC55F00591CCF /* UIView+Extension.swift */ = {isa = PBXFileReference; lastKnownFileType = sourcecode.swift; path = "UIView+Extension.swift"; sourceTree = "<group>"; };
		77EAAECF2CFB55F400591CCF /* NewsListViewModel.swift */ = {isa = PBXFileReference; lastKnownFileType = sourcecode.swift; path = NewsListViewModel.swift; sourceTree = "<group>"; };
		77EAAED12CFB565800591CCF /* NewsListModel.swift */ = {isa = PBXFileReference; lastKnownFileType = sourcecode.swift; path = NewsListModel.swift; sourceTree = "<group>"; };
		77EAAED32CFB589500591CCF /* Observable.swift */ = {isa = PBXFileReference; lastKnownFileType = sourcecode.swift; path = Observable.swift; sourceTree = "<group>"; };
		77EAAED52CFB694F00591CCF /* NewsMostViewedResponse.swift */ = {isa = PBXFileReference; lastKnownFileType = sourcecode.swift; path = NewsMostViewedResponse.swift; sourceTree = "<group>"; };
		77EAAED82CFB733700591CCF /* HttpMethod.swift */ = {isa = PBXFileReference; lastKnownFileType = sourcecode.swift; path = HttpMethod.swift; sourceTree = "<group>"; };
		77EAAEDA2CFB7BFE00591CCF /* CoreService.swift */ = {isa = PBXFileReference; lastKnownFileType = sourcecode.swift; path = CoreService.swift; sourceTree = "<group>"; };
		77EAAEDC2CFB89A500591CCF /* DataRequest.swift */ = {isa = PBXFileReference; lastKnownFileType = sourcecode.swift; path = DataRequest.swift; sourceTree = "<group>"; };
		77EAAEDE2CFB917900591CCF /* ServiceError.swift */ = {isa = PBXFileReference; lastKnownFileType = sourcecode.swift; path = ServiceError.swift; sourceTree = "<group>"; };
		77EAAEE12CFB9E9600591CCF /* NewsMostViewedService.swift */ = {isa = PBXFileReference; lastKnownFileType = sourcecode.swift; path = NewsMostViewedService.swift; sourceTree = "<group>"; };
/* End PBXFileReference section */

/* Begin PBXFrameworksBuildPhase section */
		77EAAE9E2CF8B46300591CCF /* Frameworks */ = {
			isa = PBXFrameworksBuildPhase;
			buildActionMask = 2147483647;
			files = (
			);
			runOnlyForDeploymentPostprocessing = 0;
		};
/* End PBXFrameworksBuildPhase section */

/* Begin PBXGroup section */
		77EAAE982CF8B46300591CCF = {
			isa = PBXGroup;
			children = (
				77EAAEA32CF8B46300591CCF /* NewsNYTApp */,
				77EAAEA22CF8B46300591CCF /* Products */,
			);
			sourceTree = "<group>";
		};
		77EAAEA22CF8B46300591CCF /* Products */ = {
			isa = PBXGroup;
			children = (
				77EAAEA12CF8B46300591CCF /* NewsNYTApp.app */,
			);
			name = Products;
			sourceTree = "<group>";
		};
		77EAAEA32CF8B46300591CCF /* NewsNYTApp */ = {
			isa = PBXGroup;
			children = (
				77EAAEA42CF8B46300591CCF /* AppDelegate.swift */,
				77EAAEB82CF8B7F400591CCF /* Modules */,
				77EAAEE02CFB9E7500591CCF /* Services */,
				77EAAEBC2CF9424600591CCF /* Utils */,
				77EAAEAD2CF8B46300591CCF /* Assets.xcassets */,
				77EAAEAF2CF8B46300591CCF /* LaunchScreen.storyboard */,
				77EAAEB22CF8B46300591CCF /* Info.plist */,
			);
			path = NewsNYTApp;
			sourceTree = "<group>";
		};
		77EAAEB82CF8B7F400591CCF /* Modules */ = {
			isa = PBXGroup;
			children = (
				77EAAEB92CF8B80B00591CCF /*  NewsList */,
			);
			path = Modules;
			sourceTree = "<group>";
		};
		77EAAEB92CF8B80B00591CCF /*  NewsList */ = {
			isa = PBXGroup;
			children = (
				77EAAEC02CF942E900591CCF /* NewsListCoordinator.swift */,
				77EAAEBA2CF8B83D00591CCF /* NewsListViewController.swift */,
				77EAAEC52CF948E100591CCF /* NewsListViewController+UI.swift */,
				77EAAECA2CFA948400591CCF /* NewsListTableViewCell.swift */,
				77EAAECF2CFB55F400591CCF /* NewsListViewModel.swift */,
				77EAAED12CFB565800591CCF /* NewsListModel.swift */,
			);
			path = " NewsList";
			sourceTree = "<group>";
		};
		77EAAEBC2CF9424600591CCF /* Utils */ = {
			isa = PBXGroup;
			children = (
				77EAAED72CFB72F200591CCF /* CoreService */,
				77EAAEC22CF9456500591CCF /* VisualComponents */,
				77EAAEC72CFA910600591CCF /* Extension */,
				77EAAEBD2CF9425C00591CCF /* Others */,
			);
			path = Utils;
			sourceTree = "<group>";
		};
		77EAAEBD2CF9425C00591CCF /* Others */ = {
			isa = PBXGroup;
			children = (
				77EAAEBE2CF9427600591CCF /* Coordinator.swift */,
				77EAAED32CFB589500591CCF /* Observable.swift */,
				77EAAED52CFB694F00591CCF /* NewsMostViewedResponse.swift */,
			);
			path = Others;
			sourceTree = "<group>";
		};
		77EAAEC22CF9456500591CCF /* VisualComponents */ = {
			isa = PBXGroup;
			children = (
				77EAAEC32CF9458D00591CCF /* NavigationView.swift */,
			);
			path = VisualComponents;
			sourceTree = "<group>";
		};
		77EAAEC72CFA910600591CCF /* Extension */ = {
			isa = PBXGroup;
			children = (
				77EAAEC82CFA912F00591CCF /* UIColor+Extension.swift */,
				77EAAECD2CFAC55F00591CCF /* UIView+Extension.swift */,
			);
			path = Extension;
			sourceTree = "<group>";
		};
		77EAAED72CFB72F200591CCF /* CoreService */ = {
			isa = PBXGroup;
			children = (
				77EAAED82CFB733700591CCF /* HttpMethod.swift */,
				77EAAEDE2CFB917900591CCF /* ServiceError.swift */,
				77EAAEDC2CFB89A500591CCF /* DataRequest.swift */,
				77EAAEDA2CFB7BFE00591CCF /* CoreService.swift */,
			);
			path = CoreService;
			sourceTree = "<group>";
		};
		77EAAEE02CFB9E7500591CCF /* Services */ = {
			isa = PBXGroup;
			children = (
				77EAAEE12CFB9E9600591CCF /* NewsMostViewedService.swift */,
			);
			path = Services;
			sourceTree = "<group>";
		};
/* End PBXGroup section */

/* Begin PBXNativeTarget section */
		77EAAEA02CF8B46300591CCF /* NewsNYTApp */ = {
			isa = PBXNativeTarget;
			buildConfigurationList = 77EAAEB52CF8B46300591CCF /* Build configuration list for PBXNativeTarget "NewsNYTApp" */;
			buildPhases = (
				77EAAE9D2CF8B46300591CCF /* Sources */,
				77EAAE9E2CF8B46300591CCF /* Frameworks */,
				77EAAE9F2CF8B46300591CCF /* Resources */,
			);
			buildRules = (
			);
			dependencies = (
			);
			name = NewsNYTApp;
			productName = NewsNYTApp;
			productReference = 77EAAEA12CF8B46300591CCF /* NewsNYTApp.app */;
			productType = "com.apple.product-type.application";
		};
/* End PBXNativeTarget section */

/* Begin PBXProject section */
		77EAAE992CF8B46300591CCF /* Project object */ = {
			isa = PBXProject;
			attributes = {
				BuildIndependentTargetsInParallel = 1;
				LastSwiftUpdateCheck = 1500;
				LastUpgradeCheck = 1500;
				TargetAttributes = {
					77EAAEA02CF8B46300591CCF = {
						CreatedOnToolsVersion = 15.0;
					};
				};
			};
			buildConfigurationList = 77EAAE9C2CF8B46300591CCF /* Build configuration list for PBXProject "NewsNYTApp" */;
			compatibilityVersion = "Xcode 14.0";
			developmentRegion = en;
			hasScannedForEncodings = 0;
			knownRegions = (
				en,
				Base,
			);
			mainGroup = 77EAAE982CF8B46300591CCF;
			productRefGroup = 77EAAEA22CF8B46300591CCF /* Products */;
			projectDirPath = "";
			projectRoot = "";
			targets = (
				77EAAEA02CF8B46300591CCF /* NewsNYTApp */,
			);
		};
/* End PBXProject section */

/* Begin PBXResourcesBuildPhase section */
		77EAAE9F2CF8B46300591CCF /* Resources */ = {
			isa = PBXResourcesBuildPhase;
			buildActionMask = 2147483647;
			files = (
				77EAAEB12CF8B46300591CCF /* LaunchScreen.storyboard in Resources */,
				77EAAEAE2CF8B46300591CCF /* Assets.xcassets in Resources */,
			);
			runOnlyForDeploymentPostprocessing = 0;
		};
/* End PBXResourcesBuildPhase section */

/* Begin PBXSourcesBuildPhase section */
		77EAAE9D2CF8B46300591CCF /* Sources */ = {
			isa = PBXSourcesBuildPhase;
			buildActionMask = 2147483647;
			files = (
				77EAAEC92CFA912F00591CCF /* UIColor+Extension.swift in Sources */,
				77EAAEA52CF8B46300591CCF /* AppDelegate.swift in Sources */,
				77EAAEDB2CFB7BFE00591CCF /* CoreService.swift in Sources */,
				77EAAEC12CF942E900591CCF /* NewsListCoordinator.swift in Sources */,
				77EAAECE2CFAC56000591CCF /* UIView+Extension.swift in Sources */,
				77EAAED42CFB589500591CCF /* Observable.swift in Sources */,
				77EAAEC42CF9458D00591CCF /* NavigationView.swift in Sources */,
				77EAAEC62CF948E100591CCF /* NewsListViewController+UI.swift in Sources */,
				77EAAEDF2CFB917900591CCF /* ServiceError.swift in Sources */,
				77EAAED62CFB694F00591CCF /* NewsMostViewedResponse.swift in Sources */,
				77EAAEBB2CF8B83D00591CCF /* NewsListViewController.swift in Sources */,
				77EAAED22CFB565800591CCF /* NewsListModel.swift in Sources */,
				77EAAED92CFB733700591CCF /* HttpMethod.swift in Sources */,
				77EAAED02CFB55F400591CCF /* NewsListViewModel.swift in Sources */,
				77EAAECB2CFA948400591CCF /* NewsListTableViewCell.swift in Sources */,
				77EAAEBF2CF9427600591CCF /* Coordinator.swift in Sources */,
				77EAAEE22CFB9E9600591CCF /* NewsMostViewedService.swift in Sources */,
				77EAAEDD2CFB89A500591CCF /* DataRequest.swift in Sources */,
			);
			runOnlyForDeploymentPostprocessing = 0;
		};
/* End PBXSourcesBuildPhase section */

/* Begin PBXVariantGroup section */
		77EAAEAF2CF8B46300591CCF /* LaunchScreen.storyboard */ = {
			isa = PBXVariantGroup;
			children = (
				77EAAEB02CF8B46300591CCF /* Base */,
			);
			name = LaunchScreen.storyboard;
			sourceTree = "<group>";
		};
/* End PBXVariantGroup section */

/* Begin XCBuildConfiguration section */
		77EAAEB32CF8B46300591CCF /* Debug */ = {
			isa = XCBuildConfiguration;
			buildSettings = {
				ALWAYS_SEARCH_USER_PATHS = NO;
				ASSETCATALOG_COMPILER_GENERATE_SWIFT_ASSET_SYMBOL_EXTENSIONS = YES;
				CLANG_ANALYZER_NONNULL = YES;
				CLANG_ANALYZER_NUMBER_OBJECT_CONVERSION = YES_AGGRESSIVE;
				CLANG_CXX_LANGUAGE_STANDARD = "gnu++20";
				CLANG_ENABLE_MODULES = YES;
				CLANG_ENABLE_OBJC_ARC = YES;
				CLANG_ENABLE_OBJC_WEAK = YES;
				CLANG_WARN_BLOCK_CAPTURE_AUTORELEASING = YES;
				CLANG_WARN_BOOL_CONVERSION = YES;
				CLANG_WARN_COMMA = YES;
				CLANG_WARN_CONSTANT_CONVERSION = YES;
				CLANG_WARN_DEPRECATED_OBJC_IMPLEMENTATIONS = YES;
				CLANG_WARN_DIRECT_OBJC_ISA_USAGE = YES_ERROR;
				CLANG_WARN_DOCUMENTATION_COMMENTS = YES;
				CLANG_WARN_EMPTY_BODY = YES;
				CLANG_WARN_ENUM_CONVERSION = YES;
				CLANG_WARN_INFINITE_RECURSION = YES;
				CLANG_WARN_INT_CONVERSION = YES;
				CLANG_WARN_NON_LITERAL_NULL_CONVERSION = YES;
				CLANG_WARN_OBJC_IMPLICIT_RETAIN_SELF = YES;
				CLANG_WARN_OBJC_LITERAL_CONVERSION = YES;
				CLANG_WARN_OBJC_ROOT_CLASS = YES_ERROR;
				CLANG_WARN_QUOTED_INCLUDE_IN_FRAMEWORK_HEADER = YES;
				CLANG_WARN_RANGE_LOOP_ANALYSIS = YES;
				CLANG_WARN_STRICT_PROTOTYPES = YES;
				CLANG_WARN_SUSPICIOUS_MOVE = YES;
				CLANG_WARN_UNGUARDED_AVAILABILITY = YES_AGGRESSIVE;
				CLANG_WARN_UNREACHABLE_CODE = YES;
				CLANG_WARN__DUPLICATE_METHOD_MATCH = YES;
				COPY_PHASE_STRIP = NO;
				DEBUG_INFORMATION_FORMAT = dwarf;
				ENABLE_STRICT_OBJC_MSGSEND = YES;
				ENABLE_TESTABILITY = YES;
				ENABLE_USER_SCRIPT_SANDBOXING = YES;
				GCC_C_LANGUAGE_STANDARD = gnu17;
				GCC_DYNAMIC_NO_PIC = NO;
				GCC_NO_COMMON_BLOCKS = YES;
				GCC_OPTIMIZATION_LEVEL = 0;
				GCC_PREPROCESSOR_DEFINITIONS = (
					"DEBUG=1",
					"$(inherited)",
				);
				GCC_WARN_64_TO_32_BIT_CONVERSION = YES;
				GCC_WARN_ABOUT_RETURN_TYPE = YES_ERROR;
				GCC_WARN_UNDECLARED_SELECTOR = YES;
				GCC_WARN_UNINITIALIZED_AUTOS = YES_AGGRESSIVE;
				GCC_WARN_UNUSED_FUNCTION = YES;
				GCC_WARN_UNUSED_VARIABLE = YES;
				IPHONEOS_DEPLOYMENT_TARGET = 13.0;
				LOCALIZATION_PREFERS_STRING_CATALOGS = YES;
				MTL_ENABLE_DEBUG_INFO = INCLUDE_SOURCE;
				MTL_FAST_MATH = YES;
				ONLY_ACTIVE_ARCH = YES;
				SDKROOT = iphoneos;
				SWIFT_ACTIVE_COMPILATION_CONDITIONS = "DEBUG $(inherited)";
				SWIFT_OPTIMIZATION_LEVEL = "-Onone";
			};
			name = Debug;
		};
		77EAAEB42CF8B46300591CCF /* Release */ = {
			isa = XCBuildConfiguration;
			buildSettings = {
				ALWAYS_SEARCH_USER_PATHS = NO;
				ASSETCATALOG_COMPILER_GENERATE_SWIFT_ASSET_SYMBOL_EXTENSIONS = YES;
				CLANG_ANALYZER_NONNULL = YES;
				CLANG_ANALYZER_NUMBER_OBJECT_CONVERSION = YES_AGGRESSIVE;
				CLANG_CXX_LANGUAGE_STANDARD = "gnu++20";
				CLANG_ENABLE_MODULES = YES;
				CLANG_ENABLE_OBJC_ARC = YES;
				CLANG_ENABLE_OBJC_WEAK = YES;
				CLANG_WARN_BLOCK_CAPTURE_AUTORELEASING = YES;
				CLANG_WARN_BOOL_CONVERSION = YES;
				CLANG_WARN_COMMA = YES;
				CLANG_WARN_CONSTANT_CONVERSION = YES;
				CLANG_WARN_DEPRECATED_OBJC_IMPLEMENTATIONS = YES;
				CLANG_WARN_DIRECT_OBJC_ISA_USAGE = YES_ERROR;
				CLANG_WARN_DOCUMENTATION_COMMENTS = YES;
				CLANG_WARN_EMPTY_BODY = YES;
				CLANG_WARN_ENUM_CONVERSION = YES;
				CLANG_WARN_INFINITE_RECURSION = YES;
				CLANG_WARN_INT_CONVERSION = YES;
				CLANG_WARN_NON_LITERAL_NULL_CONVERSION = YES;
				CLANG_WARN_OBJC_IMPLICIT_RETAIN_SELF = YES;
				CLANG_WARN_OBJC_LITERAL_CONVERSION = YES;
				CLANG_WARN_OBJC_ROOT_CLASS = YES_ERROR;
				CLANG_WARN_QUOTED_INCLUDE_IN_FRAMEWORK_HEADER = YES;
				CLANG_WARN_RANGE_LOOP_ANALYSIS = YES;
				CLANG_WARN_STRICT_PROTOTYPES = YES;
				CLANG_WARN_SUSPICIOUS_MOVE = YES;
				CLANG_WARN_UNGUARDED_AVAILABILITY = YES_AGGRESSIVE;
				CLANG_WARN_UNREACHABLE_CODE = YES;
				CLANG_WARN__DUPLICATE_METHOD_MATCH = YES;
				COPY_PHASE_STRIP = NO;
				DEBUG_INFORMATION_FORMAT = "dwarf-with-dsym";
				ENABLE_NS_ASSERTIONS = NO;
				ENABLE_STRICT_OBJC_MSGSEND = YES;
				ENABLE_USER_SCRIPT_SANDBOXING = YES;
				GCC_C_LANGUAGE_STANDARD = gnu17;
				GCC_NO_COMMON_BLOCKS = YES;
				GCC_WARN_64_TO_32_BIT_CONVERSION = YES;
				GCC_WARN_ABOUT_RETURN_TYPE = YES_ERROR;
				GCC_WARN_UNDECLARED_SELECTOR = YES;
				GCC_WARN_UNINITIALIZED_AUTOS = YES_AGGRESSIVE;
				GCC_WARN_UNUSED_FUNCTION = YES;
				GCC_WARN_UNUSED_VARIABLE = YES;
				IPHONEOS_DEPLOYMENT_TARGET = 13.0;
				LOCALIZATION_PREFERS_STRING_CATALOGS = YES;
				MTL_ENABLE_DEBUG_INFO = NO;
				MTL_FAST_MATH = YES;
				SDKROOT = iphoneos;
				SWIFT_COMPILATION_MODE = wholemodule;
				VALIDATE_PRODUCT = YES;
			};
			name = Release;
		};
		77EAAEB62CF8B46300591CCF /* Debug */ = {
			isa = XCBuildConfiguration;
			buildSettings = {
				ASSETCATALOG_COMPILER_APPICON_NAME = AppIcon;
				ASSETCATALOG_COMPILER_GLOBAL_ACCENT_COLOR_NAME = AccentColor;
				CODE_SIGN_STYLE = Automatic;
				CURRENT_PROJECT_VERSION = 1;
				GENERATE_INFOPLIST_FILE = YES;
				INFOPLIST_FILE = NewsNYTApp/Info.plist;
				INFOPLIST_KEY_UIApplicationSupportsIndirectInputEvents = YES;
				INFOPLIST_KEY_UILaunchStoryboardName = LaunchScreen;
				INFOPLIST_KEY_UIMainStoryboardFile = "";
				INFOPLIST_KEY_UISupportedInterfaceOrientations = UIInterfaceOrientationPortrait;
				INFOPLIST_KEY_UISupportedInterfaceOrientations_iPad = "UIInterfaceOrientationLandscapeLeft UIInterfaceOrientationLandscapeRight UIInterfaceOrientationPortrait UIInterfaceOrientationPortraitUpsideDown";
				LD_RUNPATH_SEARCH_PATHS = (
					"$(inherited)",
					"@executable_path/Frameworks",
				);
				MARKETING_VERSION = 1.0;
				PRODUCT_BUNDLE_IDENTIFIER = com.myProfile.NewsNYTApp;
				PRODUCT_NAME = "$(TARGET_NAME)";
				SUPPORTED_PLATFORMS = "iphoneos iphonesimulator";
				SUPPORTS_MACCATALYST = NO;
				SUPPORTS_MAC_DESIGNED_FOR_IPHONE_IPAD = NO;
				SWIFT_EMIT_LOC_STRINGS = YES;
				SWIFT_VERSION = 5.0;
				TARGETED_DEVICE_FAMILY = 1;
			};
			name = Debug;
		};
		77EAAEB72CF8B46300591CCF /* Release */ = {
			isa = XCBuildConfiguration;
			buildSettings = {
				ASSETCATALOG_COMPILER_APPICON_NAME = AppIcon;
				ASSETCATALOG_COMPILER_GLOBAL_ACCENT_COLOR_NAME = AccentColor;
				CODE_SIGN_STYLE = Automatic;
				CURRENT_PROJECT_VERSION = 1;
				GENERATE_INFOPLIST_FILE = YES;
				INFOPLIST_FILE = NewsNYTApp/Info.plist;
				INFOPLIST_KEY_UIApplicationSupportsIndirectInputEvents = YES;
				INFOPLIST_KEY_UILaunchStoryboardName = LaunchScreen;
				INFOPLIST_KEY_UIMainStoryboardFile = "";
				INFOPLIST_KEY_UISupportedInterfaceOrientations = UIInterfaceOrientationPortrait;
				INFOPLIST_KEY_UISupportedInterfaceOrientations_iPad = "UIInterfaceOrientationLandscapeLeft UIInterfaceOrientationLandscapeRight UIInterfaceOrientationPortrait UIInterfaceOrientationPortraitUpsideDown";
				LD_RUNPATH_SEARCH_PATHS = (
					"$(inherited)",
					"@executable_path/Frameworks",
				);
				MARKETING_VERSION = 1.0;
				PRODUCT_BUNDLE_IDENTIFIER = com.myProfile.NewsNYTApp;
				PRODUCT_NAME = "$(TARGET_NAME)";
				SUPPORTED_PLATFORMS = "iphoneos iphonesimulator";
				SUPPORTS_MACCATALYST = NO;
				SUPPORTS_MAC_DESIGNED_FOR_IPHONE_IPAD = NO;
				SWIFT_EMIT_LOC_STRINGS = YES;
				SWIFT_VERSION = 5.0;
				TARGETED_DEVICE_FAMILY = 1;
			};
			name = Release;
		};
/* End XCBuildConfiguration section */

/* Begin XCConfigurationList section */
		77EAAE9C2CF8B46300591CCF /* Build configuration list for PBXProject "NewsNYTApp" */ = {
			isa = XCConfigurationList;
			buildConfigurations = (
				77EAAEB32CF8B46300591CCF /* Debug */,
				77EAAEB42CF8B46300591CCF /* Release */,
			);
			defaultConfigurationIsVisible = 0;
			defaultConfigurationName = Release;
		};
		77EAAEB52CF8B46300591CCF /* Build configuration list for PBXNativeTarget "NewsNYTApp" */ = {
			isa = XCConfigurationList;
			buildConfigurations = (
				77EAAEB62CF8B46300591CCF /* Debug */,
				77EAAEB72CF8B46300591CCF /* Release */,
			);
			defaultConfigurationIsVisible = 0;
			defaultConfigurationName = Release;
		};
/* End XCConfigurationList section */
	};
	rootObject = 77EAAE992CF8B46300591CCF /* Project object */;
}
